{
  "../super-dca-gauge/lib/forge-std": {
    "rev": "3b20d60d14b343ee4f908cb8079495c07f5e8981"
  },
  "../super-dca-gauge/lib/openzeppelin-contracts": {
    "rev": "acd4ff74de833399287ed6b31b4debf6b2b35527"
  },
  "../super-dca-gauge/lib/openzeppelin-contracts-upgradeable": {
    "rev": "3d5fa5c24c411112bab47bec25cfa9ad0af0e6e8"
  },
  "../super-dca-gauge/lib/openzeppelin-foundry-upgrades": {
    "rev": "cbce1e00305e943aa1661d43f41e5ac72c662b07"
  },
  "../super-dca-gauge/lib/v4-core": {
    "rev": "e50237c43811bd9b526eff40f26772152a42daba"
  },
  "../super-dca-gauge/lib/v4-periphery": {
    "rev": "fdb5d3ea09d07eef380edf1a329140c98ff39dbb"
  },
  "lib/forge-std": {
    "rev": "77041d2ce690e692d6e03cc812b57d1ddaa4d505"
  },
  "lib/openzeppelin-contracts": {
    "rev": "c64a1edb67b6e3f4a15cca8909c9482ad33a02b0"
  }
}